
Microsoft Visual Studio Solution File, Format Version 12.00
# Visual Studio 2012
Project("{FAE04EC0-301F-11D3-BF4B-00C04F79EFBC}") = "AppListen", "AppListen\AppListen.csproj", "{BC2C2829-4626-47E9-8A63-85FB6CD13DCC}"
EndProject
Global
	GlobalSection(SolutionConfigurationPlatforms) = preSolution
		Debug|Any CPU = Debug|Any CPU
		Release|Any CPU = Release|Any CPU
	EndGlobalSection
	GlobalSection(ProjectConfigurationPlatforms) = postSolution
		{BC2C2829-4626-47E9-8A63-85FB6CD13DCC}.Debug|Any CPU.ActiveCfg = Debug|Any CPU
		{BC2C2829-4626-47E9-8A63-85FB6CD13DCC}.Debug|Any CPU.Build.0 = Debug|Any CPU
		{BC2C2829-4626-47E9-8A63-85FB6CD13DCC}.Release|Any CPU.ActiveCfg = Release|Any CPU
		{BC2C2829-4626-47E9-8A63-85FB6CD13DCC}.Release|Any CPU.Build.0 = Release|Any CPU
	EndGlobalSection
	GlobalSection(SolutionProperties) = preSolution
		HideSolutionNode = FALSE
	EndGlobalSection
EndGlobal
